// !$*UTF8*$!
{
	archiveVersion = 1;
	classes = {
	};
	objectVersion = 56;
	objects = {

/* Begin PBXBuildFile section */
		F7257BD329A7FB77009AF93C /* GrepApp.swift in Sources */ = {isa = PBXBuildFile; fileRef = F7257BD229A7FB77009AF93C /* GrepApp.swift */; };
		F7257BD529A7FB77009AF93C /* ContentView.swift in Sources */ = {isa = PBXBuildFile; fileRef = F7257BD429A7FB77009AF93C /* ContentView.swift */; };
		F7257BD729A7FB79009AF93C /* Assets.xcassets in Resources */ = {isa = PBXBuildFile; fileRef = F7257BD629A7FB79009AF93C /* Assets.xcassets */; };
		F7257BDA29A7FB79009AF93C /* Preview Assets.xcassets in Resources */ = {isa = PBXBuildFile; fileRef = F7257BD929A7FB79009AF93C /* Preview Assets.xcassets */; };
		F7257BE229A7FBC7009AF93C /* Shell.swift in Sources */ = {isa = PBXBuildFile; fileRef = F7257BE129A7FBC7009AF93C /* Shell.swift */; };
		F727943C29AA0DDA004B9E82 /* Open.swift in Sources */ = {isa = PBXBuildFile; fileRef = F727943B29AA0DDA004B9E82 /* Open.swift */; };
		F74BCA9629AB4F0500E9A9BA /* ResultsTable.swift in Sources */ = {isa = PBXBuildFile; fileRef = F74BCA9529AB4F0500E9A9BA /* ResultsTable.swift */; };
		F774F05E29AAA34D00E140A8 /* Model.swift in Sources */ = {isa = PBXBuildFile; fileRef = F774F05D29AAA34D00E140A8 /* Model.swift */; };
/* End PBXBuildFile section */

/* Begin PBXFileReference section */
		F7257BCF29A7FB77009AF93C /* Grep.app */ = {isa = PBXFileReference; explicitFileType = wrapper.application; includeInIndex = 0; path = Grep.app; sourceTree = BUILT_PRODUCTS_DIR; };
		F7257BD229A7FB77009AF93C /* GrepApp.swift */ = {isa = PBXFileReference; lastKnownFileType = sourcecode.swift; path = GrepApp.swift; sourceTree = "<group>"; };
		F7257BD429A7FB77009AF93C /* ContentView.swift */ = {isa = PBXFileReference; lastKnownFileType = sourcecode.swift; path = ContentView.swift; sourceTree = "<group>"; };
		F7257BD629A7FB79009AF93C /* Assets.xcassets */ = {isa = PBXFileReference; lastKnownFileType = folder.assetcatalog; path = Assets.xcassets; sourceTree = "<group>"; };
		F7257BD929A7FB79009AF93C /* Preview Assets.xcassets */ = {isa = PBXFileReference; lastKnownFileType = folder.assetcatalog; path = "Preview Assets.xcassets"; sourceTree = "<group>"; };
		F7257BDB29A7FB79009AF93C /* Grep.entitlements */ = {isa = PBXFileReference; lastKnownFileType = text.plist.entitlements; path = Grep.entitlements; sourceTree = "<group>"; };
		F7257BE129A7FBC7009AF93C /* Shell.swift */ = {isa = PBXFileReference; lastKnownFileType = sourcecode.swift; path = Shell.swift; sourceTree = "<group>"; };
		F727943B29AA0DDA004B9E82 /* Open.swift */ = {isa = PBXFileReference; lastKnownFileType = sourcecode.swift; path = Open.swift; sourceTree = "<group>"; };
		F74BCA9529AB4F0500E9A9BA /* ResultsTable.swift */ = {isa = PBXFileReference; lastKnownFileType = sourcecode.swift; path = ResultsTable.swift; sourceTree = "<group>"; };
		F774F05D29AAA34D00E140A8 /* Model.swift */ = {isa = PBXFileReference; lastKnownFileType = sourcecode.swift; path = Model.swift; sourceTree = "<group>"; };
/* End PBXFileReference section */

/* Begin PBXFrameworksBuildPhase section */
		F7257BCC29A7FB77009AF93C /* Frameworks */ = {
			isa = PBXFrameworksBuildPhase;
			buildActionMask = 2147483647;
			files = (
			);
			runOnlyForDeploymentPostprocessing = 0;
		};
/* End PBXFrameworksBuildPhase section */

/* Begin PBXGroup section */
		F7257BC629A7FB77009AF93C = {
			isa = PBXGroup;
			children = (
				F7257BD129A7FB77009AF93C /* Grep */,
				F7257BD029A7FB77009AF93C /* Products */,
			);
			sourceTree = "<group>";
		};
		F7257BD029A7FB77009AF93C /* Products */ = {
			isa = PBXGroup;
			children = (
				F7257BCF29A7FB77009AF93C /* Grep.app */,
			);
			name = Products;
			sourceTree = "<group>";
		};
		F7257BD129A7FB77009AF93C /* Grep */ = {
			isa = PBXGroup;
			children = (
				F74BCA9729AB4F3300E9A9BA /* Views */,
				F74BCA9829AB4F4300E9A9BA /* Model */,
				F7257BD629A7FB79009AF93C /* Assets.xcassets */,
				F7257BDB29A7FB79009AF93C /* Grep.entitlements */,
				F7257BD829A7FB79009AF93C /* Preview Content */,
			);
			path = Grep;
			sourceTree = "<group>";
		};
		F7257BD829A7FB79009AF93C /* Preview Content */ = {
			isa = PBXGroup;
			children = (
				F7257BD929A7FB79009AF93C /* Preview Assets.xcassets */,
			);
			path = "Preview Content";
			sourceTree = "<group>";
		};
		F74BCA9729AB4F3300E9A9BA /* Views */ = {
			isa = PBXGroup;
			children = (
				F7257BD229A7FB77009AF93C /* GrepApp.swift */,
				F7257BD429A7FB77009AF93C /* ContentView.swift */,
				F74BCA9529AB4F0500E9A9BA /* ResultsTable.swift */,
			);
			path = Views;
			sourceTree = "<group>";
		};
		F74BCA9829AB4F4300E9A9BA /* Model */ = {
			isa = PBXGroup;
			children = (
				F7257BE129A7FBC7009AF93C /* Shell.swift */,
				F727943B29AA0DDA004B9E82 /* Open.swift */,
				F774F05D29AAA34D00E140A8 /* Model.swift */,
			);
			path = Model;
			sourceTree = "<group>";
		};
/* End PBXGroup section */

/* Begin PBXNativeTarget section */
		F7257BCE29A7FB77009AF93C /* Grep */ = {
			isa = PBXNativeTarget;
			buildConfigurationList = F7257BDE29A7FB79009AF93C /* Build configuration list for PBXNativeTarget "Grep" */;
			buildPhases = (
				F7257BCB29A7FB77009AF93C /* Sources */,
				F7257BCC29A7FB77009AF93C /* Frameworks */,
				F7257BCD29A7FB77009AF93C /* Resources */,
			);
			buildRules = (
			);
			dependencies = (
			);
			name = Grep;
			productName = Grep;
			productReference = F7257BCF29A7FB77009AF93C /* Grep.app */;
			productType = "com.apple.product-type.application";
		};
/* End PBXNativeTarget section */

/* Begin PBXProject section */
		F7257BC729A7FB77009AF93C /* Project object */ = {
			isa = PBXProject;
			attributes = {
				BuildIndependentTargetsInParallel = 1;
				LastSwiftUpdateCheck = 1420;
				LastUpgradeCheck = 1420;
				TargetAttributes = {
					F7257BCE29A7FB77009AF93C = {
						CreatedOnToolsVersion = 14.2;
					};
				};
			};
			buildConfigurationList = F7257BCA29A7FB77009AF93C /* Build configuration list for PBXProject "Grep" */;
			compatibilityVersion = "Xcode 14.0";
			developmentRegion = en;
			hasScannedForEncodings = 0;
			knownRegions = (
				en,
				Base,
			);
			mainGroup = F7257BC629A7FB77009AF93C;
			productRefGroup = F7257BD029A7FB77009AF93C /* Products */;
			projectDirPath = "";
			projectRoot = "";
			targets = (
				F7257BCE29A7FB77009AF93C /* Grep */,
			);
		};
/* End PBXProject section */

/* Begin PBXResourcesBuildPhase section */
		F7257BCD29A7FB77009AF93C /* Resources */ = {
			isa = PBXResourcesBuildPhase;
			buildActionMask = 2147483647;
			files = (
				F7257BDA29A7FB79009AF93C /* Preview Assets.xcassets in Resources */,
				F7257BD729A7FB79009AF93C /* Assets.xcassets in Resources */,
			);
			runOnlyForDeploymentPostprocessing = 0;
		};
/* End PBXResourcesBuildPhase section */

/* Begin PBXSourcesBuildPhase section */
		F7257BCB29A7FB77009AF93C /* Sources */ = {
			isa = PBXSourcesBuildPhase;
			buildActionMask = 2147483647;
			files = (
				F774F05E29AAA34D00E140A8 /* Model.swift in Sources */,
				F7257BD529A7FB77009AF93C /* ContentView.swift in Sources */,
				F7257BD329A7FB77009AF93C /* GrepApp.swift in Sources */,
				F7257BE229A7FBC7009AF93C /* Shell.swift in Sources */,
				F727943C29AA0DDA004B9E82 /* Open.swift in Sources */,
				F74BCA9629AB4F0500E9A9BA /* ResultsTable.swift in Sources */,
			);
			runOnlyForDeploymentPostprocessing = 0;
		};
/* End PBXSourcesBuildPhase section */

/* Begin XCBuildConfiguration section */
		F7257BDC29A7FB79009AF93C /* Debug */ = {
			isa = XCBuildConfiguration;
			buildSettings = {
				ALWAYS_SEARCH_USER_PATHS = NO;
				CLANG_ANALYZER_NONNULL = YES;
				CLANG_ANALYZER_NUMBER_OBJECT_CONVERSION = YES_AGGRESSIVE;
				CLANG_CXX_LANGUAGE_STANDARD = "gnu++20";
				CLANG_ENABLE_MODULES = YES;
				CLANG_ENABLE_OBJC_ARC = YES;
				CLANG_ENABLE_OBJC_WEAK = YES;
				CLANG_WARN_BLOCK_CAPTURE_AUTORELEASING = YES;
				CLANG_WARN_BOOL_CONVERSION = YES;
				CLANG_WARN_COMMA = YES;
				CLANG_WARN_CONSTANT_CONVERSION = YES;
				CLANG_WARN_DEPRECATED_OBJC_IMPLEMENTATIONS = YES;
				CLANG_WARN_DIRECT_OBJC_ISA_USAGE = YES_ERROR;
				CLANG_WARN_DOCUMENTATION_COMMENTS = YES;
				CLANG_WARN_EMPTY_BODY = YES;
				CLANG_WARN_ENUM_CONVERSION = YES;
				CLANG_WARN_INFINITE_RECURSION = YES;
				CLANG_WARN_INT_CONVERSION = YES;
				CLANG_WARN_NON_LITERAL_NULL_CONVERSION = YES;
				CLANG_WARN_OBJC_IMPLICIT_RETAIN_SELF = YES;
				CLANG_WARN_OBJC_LITERAL_CONVERSION = YES;
				CLANG_WARN_OBJC_ROOT_CLASS = YES_ERROR;
				CLANG_WARN_QUOTED_INCLUDE_IN_FRAMEWORK_HEADER = YES;
				CLANG_WARN_RANGE_LOOP_ANALYSIS = YES;
				CLANG_WARN_STRICT_PROTOTYPES = YES;
				CLANG_WARN_SUSPICIOUS_MOVE = YES;
				CLANG_WARN_UNGUARDED_AVAILABILITY = YES_AGGRESSIVE;
				CLANG_WARN_UNREACHABLE_CODE = YES;
				CLANG_WARN__DUPLICATE_METHOD_MATCH = YES;
				COPY_PHASE_STRIP = NO;
				DEBUG_INFORMATION_FORMAT = dwarf;
				ENABLE_STRICT_OBJC_MSGSEND = YES;
				ENABLE_TESTABILITY = YES;
				GCC_C_LANGUAGE_STANDARD = gnu11;
				GCC_DYNAMIC_NO_PIC = NO;
				GCC_NO_COMMON_BLOCKS = YES;
				GCC_OPTIMIZATION_LEVEL = 0;
				GCC_PREPROCESSOR_DEFINITIONS = (
					"DEBUG=1",
					"$(inherited)",
				);
				GCC_WARN_64_TO_32_BIT_CONVERSION = YES;
				GCC_WARN_ABOUT_RETURN_TYPE = YES_ERROR;
				GCC_WARN_UNDECLARED_SELECTOR = YES;
				GCC_WARN_UNINITIALIZED_AUTOS = YES_AGGRESSIVE;
				GCC_WARN_UNUSED_FUNCTION = YES;
				GCC_WARN_UNUSED_VARIABLE = YES;
				MACOSX_DEPLOYMENT_TARGET = 13.0;
				MTL_ENABLE_DEBUG_INFO = INCLUDE_SOURCE;
				MTL_FAST_MATH = YES;
				ONLY_ACTIVE_ARCH = YES;
				SDKROOT = macosx;
				SWIFT_ACTIVE_COMPILATION_CONDITIONS = DEBUG;
				SWIFT_OPTIMIZATION_LEVEL = "-Onone";
			};
			name = Debug;
		};
		F7257BDD29A7FB79009AF93C /* Release */ = {
			isa = XCBuildConfiguration;
			buildSettings = {
				ALWAYS_SEARCH_USER_PATHS = NO;
				CLANG_ANALYZER_NONNULL = YES;
				CLANG_ANALYZER_NUMBER_OBJECT_CONVERSION = YES_AGGRESSIVE;
				CLANG_CXX_LANGUAGE_STANDARD = "gnu++20";
				CLANG_ENABLE_MODULES = YES;
				CLANG_ENABLE_OBJC_ARC = YES;
				CLANG_ENABLE_OBJC_WEAK = YES;
				CLANG_WARN_BLOCK_CAPTURE_AUTORELEASING = YES;
				CLANG_WARN_BOOL_CONVERSION = YES;
				CLANG_WARN_COMMA = YES;
				CLANG_WARN_CONSTANT_CONVERSION = YES;
				CLANG_WARN_DEPRECATED_OBJC_IMPLEMENTATIONS = YES;
				CLANG_WARN_DIRECT_OBJC_ISA_USAGE = YES_ERROR;
				CLANG_WARN_DOCUMENTATION_COMMENTS = YES;
				CLANG_WARN_EMPTY_BODY = YES;
				CLANG_WARN_ENUM_CONVERSION = YES;
				CLANG_WARN_INFINITE_RECURSION = YES;
				CLANG_WARN_INT_CONVERSION = YES;
				CLANG_WARN_NON_LITERAL_NULL_CONVERSION = YES;
				CLANG_WARN_OBJC_IMPLICIT_RETAIN_SELF = YES;
				CLANG_WARN_OBJC_LITERAL_CONVERSION = YES;
				CLANG_WARN_OBJC_ROOT_CLASS = YES_ERROR;
				CLANG_WARN_QUOTED_INCLUDE_IN_FRAMEWORK_HEADER = YES;
				CLANG_WARN_RANGE_LOOP_ANALYSIS = YES;
				CLANG_WARN_STRICT_PROTOTYPES = YES;
				CLANG_WARN_SUSPICIOUS_MOVE = YES;
				CLANG_WARN_UNGUARDED_AVAILABILITY = YES_AGGRESSIVE;
				CLANG_WARN_UNREACHABLE_CODE = YES;
				CLANG_WARN__DUPLICATE_METHOD_MATCH = YES;
				COPY_PHASE_STRIP = NO;
				DEBUG_INFORMATION_FORMAT = "dwarf-with-dsym";
				ENABLE_NS_ASSERTIONS = NO;
				ENABLE_STRICT_OBJC_MSGSEND = YES;
				GCC_C_LANGUAGE_STANDARD = gnu11;
				GCC_NO_COMMON_BLOCKS = YES;
				GCC_WARN_64_TO_32_BIT_CONVERSION = YES;
				GCC_WARN_ABOUT_RETURN_TYPE = YES_ERROR;
				GCC_WARN_UNDECLARED_SELECTOR = YES;
				GCC_WARN_UNINITIALIZED_AUTOS = YES_AGGRESSIVE;
				GCC_WARN_UNUSED_FUNCTION = YES;
				GCC_WARN_UNUSED_VARIABLE = YES;
				MACOSX_DEPLOYMENT_TARGET = 13.0;
				MTL_ENABLE_DEBUG_INFO = NO;
				MTL_FAST_MATH = YES;
				SDKROOT = macosx;
				SWIFT_COMPILATION_MODE = wholemodule;
				SWIFT_OPTIMIZATION_LEVEL = "-O";
			};
			name = Release;
		};
		F7257BDF29A7FB79009AF93C /* Debug */ = {
			isa = XCBuildConfiguration;
			buildSettings = {
				ASSETCATALOG_COMPILER_APPICON_NAME = AppIcon;
				ASSETCATALOG_COMPILER_GLOBAL_ACCENT_COLOR_NAME = AccentColor;
				CODE_SIGN_ENTITLEMENTS = Grep/Grep.entitlements;
				CODE_SIGN_STYLE = Automatic;
				COMBINE_HIDPI_IMAGES = YES;
				CURRENT_PROJECT_VERSION = 1;
				DEVELOPMENT_ASSET_PATHS = "\"Grep/Preview Content\"";
				ENABLE_PREVIEWS = YES;
				GENERATE_INFOPLIST_FILE = YES;
				INFOPLIST_KEY_CFBundleDisplayName = Grep;
				INFOPLIST_KEY_LSApplicationCategoryType = "public.app-category.developer-tools";
				INFOPLIST_KEY_NSHumanReadableCopyright = "";
				LD_RUNPATH_SEARCH_PATHS = (
					"$(inherited)",
					"@executable_path/../Frameworks",
				);
				MARKETING_VERSION = 1.0;
				PRODUCT_BUNDLE_IDENTIFIER = Micnovic.Grep;
				PRODUCT_NAME = "$(TARGET_NAME)";
				SWIFT_EMIT_LOC_STRINGS = YES;
				SWIFT_VERSION = 5.0;
			};
			name = Debug;
		};
		F7257BE029A7FB79009AF93C /* Release */ = {
			isa = XCBuildConfiguration;
			buildSettings = {
				ASSETCATALOG_COMPILER_APPICON_NAME = AppIcon;
				ASSETCATALOG_COMPILER_GLOBAL_ACCENT_COLOR_NAME = AccentColor;
				CODE_SIGN_ENTITLEMENTS = Grep/Grep.entitlements;
				CODE_SIGN_STYLE = Automatic;
				COMBINE_HIDPI_IMAGES = YES;
				CURRENT_PROJECT_VERSION = 1;
				DEVELOPMENT_ASSET_PATHS = "\"Grep/Preview Content\"";
				ENABLE_PREVIEWS = YES;
				GENERATE_INFOPLIST_FILE = YES;
				INFOPLIST_KEY_CFBundleDisplayName = Grep;
				INFOPLIST_KEY_LSApplicationCategoryType = "public.app-category.developer-tools";
				INFOPLIST_KEY_NSHumanReadableCopyright = "";
				LD_RUNPATH_SEARCH_PATHS = (
					"$(inherited)",
					"@executable_path/../Frameworks",
				);
				MARKETING_VERSION = 1.0;
				PRODUCT_BUNDLE_IDENTIFIER = Micnovic.Grep;
				PRODUCT_NAME = "$(TARGET_NAME)";
				SWIFT_EMIT_LOC_STRINGS = YES;
				SWIFT_VERSION = 5.0;
			};
			name = Release;
		};
/* End XCBuildConfiguration section */

/* Begin XCConfigurationList section */
		F7257BCA29A7FB77009AF93C /* Build configuration list for PBXProject "Grep" */ = {
			isa = XCConfigurationList;
			buildConfigurations = (
				F7257BDC29A7FB79009AF93C /* Debug */,
				F7257BDD29A7FB79009AF93C /* Release */,
			);
			defaultConfigurationIsVisible = 0;
			defaultConfigurationName = Release;
		};
		F7257BDE29A7FB79009AF93C /* Build configuration list for PBXNativeTarget "Grep" */ = {
			isa = XCConfigurationList;
			buildConfigurations = (
				F7257BDF29A7FB79009AF93C /* Debug */,
				F7257BE029A7FB79009AF93C /* Release */,
			);
			defaultConfigurationIsVisible = 0;
			defaultConfigurationName = Release;
		};
/* End XCConfigurationList section */
	};
	rootObject = F7257BC729A7FB77009AF93C /* Project object */;
}
